
Microsoft Visual Studio Solution File, Format Version 12.00
# Visual Studio Version 16
VisualStudioVersion = 16.0.30011.22
MinimumVisualStudioVersion = 10.0.40219.1
Project("{9A19103F-16F7-4668-BE54-9A1E7A4F7556}") = "Model.BusinessLogic", "Model.BusinessLogic\Model.BusinessLogic.csproj", "{3D9F5B53-F331-46F2-999B-28896212DB16}"
EndProject
Project("{9A19103F-16F7-4668-BE54-9A1E7A4F7556}") = "Model.DataAccess", "Model.DataAccess\Model.DataAccess.csproj", "{D2798519-F338-461D-8455-21AB86C7D40D}"
EndProject
Project("{9A19103F-16F7-4668-BE54-9A1E7A4F7556}") = "Architecture-Model", "Architecture-Model\Architecture-Model.csproj", "{4132FD81-0217-4DCB-82BD-6BA1D2680C78}"
EndProject
Global
	GlobalSection(SolutionConfigurationPlatforms) = preSolution
		Debug|Any CPU = Debug|Any CPU
		Release|Any CPU = Release|Any CPU
	EndGlobalSection
	GlobalSection(ProjectConfigurationPlatforms) = postSolution
		{3D9F5B53-F331-46F2-999B-28896212DB16}.Debug|Any CPU.ActiveCfg = Debug|Any CPU
		{3D9F5B53-F331-46F2-999B-28896212DB16}.Debug|Any CPU.Build.0 = Debug|Any CPU
		{3D9F5B53-F331-46F2-999B-28896212DB16}.Release|Any CPU.ActiveCfg = Release|Any CPU
		{3D9F5B53-F331-46F2-999B-28896212DB16}.Release|Any CPU.Build.0 = Release|Any CPU
		{D2798519-F338-461D-8455-21AB86C7D40D}.Debug|Any CPU.ActiveCfg = Debug|Any CPU
		{D2798519-F338-461D-8455-21AB86C7D40D}.Debug|Any CPU.Build.0 = Debug|Any CPU
		{D2798519-F338-461D-8455-21AB86C7D40D}.Release|Any CPU.ActiveCfg = Release|Any CPU
		{D2798519-F338-461D-8455-21AB86C7D40D}.Release|Any CPU.Build.0 = Release|Any CPU
		{4132FD81-0217-4DCB-82BD-6BA1D2680C78}.Debug|Any CPU.ActiveCfg = Debug|Any CPU
		{4132FD81-0217-4DCB-82BD-6BA1D2680C78}.Debug|Any CPU.Build.0 = Debug|Any CPU
		{4132FD81-0217-4DCB-82BD-6BA1D2680C78}.Release|Any CPU.ActiveCfg = Release|Any CPU
		{4132FD81-0217-4DCB-82BD-6BA1D2680C78}.Release|Any CPU.Build.0 = Release|Any CPU
	EndGlobalSection
	GlobalSection(SolutionProperties) = preSolution
		HideSolutionNode = FALSE
	EndGlobalSection
	GlobalSection(ExtensibilityGlobals) = postSolution
		SolutionGuid = {E55540D1-925F-4C91-B318-F3986AB8354D}
	EndGlobalSection
EndGlobal
